
Microsoft Visual Studio Solution File, Format Version 12.00
# Visual Studio Version 17
VisualStudioVersion = 17.9.34622.214
MinimumVisualStudioVersion = 10.0.40219.1
Project("{FAE04EC0-301F-11D3-BF4B-00C04F79EFBC}") = "fusionCacheApi", "fusionCacheApi\fusionCacheApi.csproj", "{681287C1-C8EF-46CF-B638-1B42CD64901F}"
EndProject
Global
	GlobalSection(SolutionConfigurationPlatforms) = preSolution
		Debug|Any CPU = Debug|Any CPU
		Release|Any CPU = Release|Any CPU
	EndGlobalSection
	GlobalSection(ProjectConfigurationPlatforms) = postSolution
		{681287C1-C8EF-46CF-B638-1B42CD64901F}.Debug|Any CPU.ActiveCfg = Debug|Any CPU
		{681287C1-C8EF-46CF-B638-1B42CD64901F}.Debug|Any CPU.Build.0 = Debug|Any CPU
		{681287C1-C8EF-46CF-B638-1B42CD64901F}.Release|Any CPU.ActiveCfg = Release|Any CPU
		{681287C1-C8EF-46CF-B638-1B42CD64901F}.Release|Any CPU.Build.0 = Release|Any CPU
	EndGlobalSection
	GlobalSection(SolutionProperties) = preSolution
		HideSolutionNode = FALSE
	EndGlobalSection
	GlobalSection(ExtensibilityGlobals) = postSolution
		SolutionGuid = {D2F3C267-6A90-4CDF-913C-5451EA8E6D94}
	EndGlobalSection
EndGlobal
